// !$*UTF8*$!
{
	archiveVersion = 1;
	classes = {
	};
	objectVersion = 46;
	objects = {

/* Begin PBXBuildFile section */
		08DC2D7E1C755261008FE64A /* main.m in Sources */ = {isa = PBXBuildFile; fileRef = 08DC2D7D1C755261008FE64A /* main.m */; };
		08DC2D811C755261008FE64A /* AppDelegate.m in Sources */ = {isa = PBXBuildFile; fileRef = 08DC2D801C755261008FE64A /* AppDelegate.m */; };
		08DC2D841C755261008FE64A /* ViewController.m in Sources */ = {isa = PBXBuildFile; fileRef = 08DC2D831C755261008FE64A /* ViewController.m */; };
		08DC2D871C755261008FE64A /* Main.storyboard in Resources */ = {isa = PBXBuildFile; fileRef = 08DC2D851C755261008FE64A /* Main.storyboard */; };
		08DC2D891C755261008FE64A /* Assets.xcassets in Resources */ = {isa = PBXBuildFile; fileRef = 08DC2D881C755261008FE64A /* Assets.xcassets */; };
		08DC2D8C1C755261008FE64A /* LaunchScreen.storyboard in Resources */ = {isa = PBXBuildFile; fileRef = 08DC2D8A1C755261008FE64A /* LaunchScreen.storyboard */; };
		08DC2D971C755261008FE64A /* CoordinateCurveDemoTests.m in Sources */ = {isa = PBXBuildFile; fileRef = 08DC2D961C755261008FE64A /* CoordinateCurveDemoTests.m */; };
		08DC2DA21C755261008FE64A /* CoordinateCurveDemoUITests.m in Sources */ = {isa = PBXBuildFile; fileRef = 08DC2DA11C755261008FE64A /* CoordinateCurveDemoUITests.m */; };
/* End PBXBuildFile section */

/* Begin PBXContainerItemProxy section */
		08DC2D931C755261008FE64A /* PBXContainerItemProxy */ = {
			isa = PBXContainerItemProxy;
			containerPortal = 08DC2D711C755261008FE64A /* Project object */;
			proxyType = 1;
			remoteGlobalIDString = 08DC2D781C755261008FE64A;
			remoteInfo = CoordinateCurveDemo;
		};
		08DC2D9E1C755261008FE64A /* PBXContainerItemProxy */ = {
			isa = PBXContainerItemProxy;
			containerPortal = 08DC2D711C755261008FE64A /* Project object */;
			proxyType = 1;
			remoteGlobalIDString = 08DC2D781C755261008FE64A;
			remoteInfo = CoordinateCurveDemo;
		};
/* End PBXContainerItemProxy section */

/* Begin PBXFileReference section */
		08DC2D791C755261008FE64A /* CoordinateCurveDemo.app */ = {isa = PBXFileReference; explicitFileType = wrapper.application; includeInIndex = 0; path = CoordinateCurveDemo.app; sourceTree = BUILT_PRODUCTS_DIR; };
		08DC2D7D1C755261008FE64A /* main.m */ = {isa = PBXFileReference; lastKnownFileType = sourcecode.c.objc; path = main.m; sourceTree = "<group>"; };
		08DC2D7F1C755261008FE64A /* AppDelegate.h */ = {isa = PBXFileReference; lastKnownFileType = sourcecode.c.h; path = AppDelegate.h; sourceTree = "<group>"; };
		08DC2D801C755261008FE64A /* AppDelegate.m */ = {isa = PBXFileReference; lastKnownFileType = sourcecode.c.objc; path = AppDelegate.m; sourceTree = "<group>"; };
		08DC2D821C755261008FE64A /* ViewController.h */ = {isa = PBXFileReference; lastKnownFileType = sourcecode.c.h; path = ViewController.h; sourceTree = "<group>"; };
		08DC2D831C755261008FE64A /* ViewController.m */ = {isa = PBXFileReference; lastKnownFileType = sourcecode.c.objc; path = ViewController.m; sourceTree = "<group>"; };
		08DC2D861C755261008FE64A /* Base */ = {isa = PBXFileReference; lastKnownFileType = file.storyboard; name = Base; path = Base.lproj/Main.storyboard; sourceTree = "<group>"; };
		08DC2D881C755261008FE64A /* Assets.xcassets */ = {isa = PBXFileReference; lastKnownFileType = folder.assetcatalog; path = Assets.xcassets; sourceTree = "<group>"; };
		08DC2D8B1C755261008FE64A /* Base */ = {isa = PBXFileReference; lastKnownFileType = file.storyboard; name = Base; path = Base.lproj/LaunchScreen.storyboard; sourceTree = "<group>"; };
		08DC2D8D1C755261008FE64A /* Info.plist */ = {isa = PBXFileReference; lastKnownFileType = text.plist.xml; path = Info.plist; sourceTree = "<group>"; };
		08DC2D921C755261008FE64A /* CoordinateCurveDemoTests.xctest */ = {isa = PBXFileReference; explicitFileType = wrapper.cfbundle; includeInIndex = 0; path = CoordinateCurveDemoTests.xctest; sourceTree = BUILT_PRODUCTS_DIR; };
		08DC2D961C755261008FE64A /* CoordinateCurveDemoTests.m */ = {isa = PBXFileReference; lastKnownFileType = sourcecode.c.objc; path = CoordinateCurveDemoTests.m; sourceTree = "<group>"; };
		08DC2D981C755261008FE64A /* Info.plist */ = {isa = PBXFileReference; lastKnownFileType = text.plist.xml; path = Info.plist; sourceTree = "<group>"; };
		08DC2D9D1C755261008FE64A /* CoordinateCurveDemoUITests.xctest */ = {isa = PBXFileReference; explicitFileType = wrapper.cfbundle; includeInIndex = 0; path = CoordinateCurveDemoUITests.xctest; sourceTree = BUILT_PRODUCTS_DIR; };
		08DC2DA11C755261008FE64A /* CoordinateCurveDemoUITests.m */ = {isa = PBXFileReference; lastKnownFileType = sourcecode.c.objc; path = CoordinateCurveDemoUITests.m; sourceTree = "<group>"; };
		08DC2DA31C755261008FE64A /* Info.plist */ = {isa = PBXFileReference; lastKnownFileType = text.plist.xml; path = Info.plist; sourceTree = "<group>"; };
/* End PBXFileReference section */

/* Begin PBXFrameworksBuildPhase section */
		08DC2D761C755261008FE64A /* Frameworks */ = {
			isa = PBXFrameworksBuildPhase;
			buildActionMask = 2147483647;
			files = (
			);
			runOnlyForDeploymentPostprocessing = 0;
		};
		08DC2D8F1C755261008FE64A /* Frameworks */ = {
			isa = PBXFrameworksBuildPhase;
			buildActionMask = 2147483647;
			files = (
			);
			runOnlyForDeploymentPostprocessing = 0;
		};
		08DC2D9A1C755261008FE64A /* Frameworks */ = {
			isa = PBXFrameworksBuildPhase;
			buildActionMask = 2147483647;
			files = (
			);
			runOnlyForDeploymentPostprocessing = 0;
		};
/* End PBXFrameworksBuildPhase section */

/* Begin PBXGroup section */
		08DC2D701C755261008FE64A = {
			isa = PBXGroup;
			children = (
				08DC2D7B1C755261008FE64A /* CoordinateCurveDemo */,
				08DC2D951C755261008FE64A /* CoordinateCurveDemoTests */,
				08DC2DA01C755261008FE64A /* CoordinateCurveDemoUITests */,
				08DC2D7A1C755261008FE64A /* Products */,
			);
			sourceTree = "<group>";
		};
		08DC2D7A1C755261008FE64A /* Products */ = {
			isa = PBXGroup;
			children = (
				08DC2D791C755261008FE64A /* CoordinateCurveDemo.app */,
				08DC2D921C755261008FE64A /* CoordinateCurveDemoTests.xctest */,
				08DC2D9D1C755261008FE64A /* CoordinateCurveDemoUITests.xctest */,
			);
			name = Products;
			sourceTree = "<group>";
		};
		08DC2D7B1C755261008FE64A /* CoordinateCurveDemo */ = {
			isa = PBXGroup;
			children = (
				08DC2D7F1C755261008FE64A /* AppDelegate.h */,
				08DC2D801C755261008FE64A /* AppDelegate.m */,
				08DC2D821C755261008FE64A /* ViewController.h */,
				08DC2D831C755261008FE64A /* ViewController.m */,
				08DC2D851C755261008FE64A /* Main.storyboard */,
				08DC2D881C755261008FE64A /* Assets.xcassets */,
				08DC2D8A1C755261008FE64A /* LaunchScreen.storyboard */,
				08DC2D8D1C755261008FE64A /* Info.plist */,
				08DC2D7C1C755261008FE64A /* Supporting Files */,
			);
			path = CoordinateCurveDemo;
			sourceTree = "<group>";
		};
		08DC2D7C1C755261008FE64A /* Supporting Files */ = {
			isa = PBXGroup;
			children = (
				08DC2D7D1C755261008FE64A /* main.m */,
			);
			name = "Supporting Files";
			sourceTree = "<group>";
		};
		08DC2D951C755261008FE64A /* CoordinateCurveDemoTests */ = {
			isa = PBXGroup;
			children = (
				08DC2D961C755261008FE64A /* CoordinateCurveDemoTests.m */,
				08DC2D981C755261008FE64A /* Info.plist */,
			);
			path = CoordinateCurveDemoTests;
			sourceTree = "<group>";
		};
		08DC2DA01C755261008FE64A /* CoordinateCurveDemoUITests */ = {
			isa = PBXGroup;
			children = (
				08DC2DA11C755261008FE64A /* CoordinateCurveDemoUITests.m */,
				08DC2DA31C755261008FE64A /* Info.plist */,
			);
			path = CoordinateCurveDemoUITests;
			sourceTree = "<group>";
		};
/* End PBXGroup section */

/* Begin PBXNativeTarget section */
		08DC2D781C755261008FE64A /* CoordinateCurveDemo */ = {
			isa = PBXNativeTarget;
			buildConfigurationList = 08DC2DA61C755261008FE64A /* Build configuration list for PBXNativeTarget "CoordinateCurveDemo" */;
			buildPhases = (
				08DC2D751C755261008FE64A /* Sources */,
				08DC2D761C755261008FE64A /* Frameworks */,
				08DC2D771C755261008FE64A /* Resources */,
			);
			buildRules = (
			);
			dependencies = (
			);
			name = CoordinateCurveDemo;
			productName = CoordinateCurveDemo;
			productReference = 08DC2D791C755261008FE64A /* CoordinateCurveDemo.app */;
			productType = "com.apple.product-type.application";
		};
		08DC2D911C755261008FE64A /* CoordinateCurveDemoTests */ = {
			isa = PBXNativeTarget;
			buildConfigurationList = 08DC2DA91C755261008FE64A /* Build configuration list for PBXNativeTarget "CoordinateCurveDemoTests" */;
			buildPhases = (
				08DC2D8E1C755261008FE64A /* Sources */,
				08DC2D8F1C755261008FE64A /* Frameworks */,
				08DC2D901C755261008FE64A /* Resources */,
			);
			buildRules = (
			);
			dependencies = (
				08DC2D941C755261008FE64A /* PBXTargetDependency */,
			);
			name = CoordinateCurveDemoTests;
			productName = CoordinateCurveDemoTests;
			productReference = 08DC2D921C755261008FE64A /* CoordinateCurveDemoTests.xctest */;
			productType = "com.apple.product-type.bundle.unit-test";
		};
		08DC2D9C1C755261008FE64A /* CoordinateCurveDemoUITests */ = {
			isa = PBXNativeTarget;
			buildConfigurationList = 08DC2DAC1C755261008FE64A /* Build configuration list for PBXNativeTarget "CoordinateCurveDemoUITests" */;
			buildPhases = (
				08DC2D991C755261008FE64A /* Sources */,
				08DC2D9A1C755261008FE64A /* Frameworks */,
				08DC2D9B1C755261008FE64A /* Resources */,
			);
			buildRules = (
			);
			dependencies = (
				08DC2D9F1C755261008FE64A /* PBXTargetDependency */,
			);
			name = CoordinateCurveDemoUITests;
			productName = CoordinateCurveDemoUITests;
			productReference = 08DC2D9D1C755261008FE64A /* CoordinateCurveDemoUITests.xctest */;
			productType = "com.apple.product-type.bundle.ui-testing";
		};
/* End PBXNativeTarget section */

/* Begin PBXProject section */
		08DC2D711C755261008FE64A /* Project object */ = {
			isa = PBXProject;
			attributes = {
				LastUpgradeCheck = 0720;
				ORGANIZATIONNAME = jiangtd;
				TargetAttributes = {
					08DC2D781C755261008FE64A = {
						CreatedOnToolsVersion = 7.2.1;
					};
					08DC2D911C755261008FE64A = {
						CreatedOnToolsVersion = 7.2.1;
						TestTargetID = 08DC2D781C755261008FE64A;
					};
					08DC2D9C1C755261008FE64A = {
						CreatedOnToolsVersion = 7.2.1;
						TestTargetID = 08DC2D781C755261008FE64A;
					};
				};
			};
			buildConfigurationList = 08DC2D741C755261008FE64A /* Build configuration list for PBXProject "CoordinateCurveDemo" */;
			compatibilityVersion = "Xcode 3.2";
			developmentRegion = English;
			hasScannedForEncodings = 0;
			knownRegions = (
				en,
				Base,
			);
			mainGroup = 08DC2D701C755261008FE64A;
			productRefGroup = 08DC2D7A1C755261008FE64A /* Products */;
			projectDirPath = "";
			projectRoot = "";
			targets = (
				08DC2D781C755261008FE64A /* CoordinateCurveDemo */,
				08DC2D911C755261008FE64A /* CoordinateCurveDemoTests */,
				08DC2D9C1C755261008FE64A /* CoordinateCurveDemoUITests */,
			);
		};
/* End PBXProject section */

/* Begin PBXResourcesBuildPhase section */
		08DC2D771C755261008FE64A /* Resources */ = {
			isa = PBXResourcesBuildPhase;
			buildActionMask = 2147483647;
			files = (
				08DC2D8C1C755261008FE64A /* LaunchScreen.storyboard in Resources */,
				08DC2D891C755261008FE64A /* Assets.xcassets in Resources */,
				08DC2D871C755261008FE64A /* Main.storyboard in Resources */,
			);
			runOnlyForDeploymentPostprocessing = 0;
		};
		08DC2D901C755261008FE64A /* Resources */ = {
			isa = PBXResourcesBuildPhase;
			buildActionMask = 2147483647;
			files = (
			);
			runOnlyForDeploymentPostprocessing = 0;
		};
		08DC2D9B1C755261008FE64A /* Resources */ = {
			isa = PBXResourcesBuildPhase;
			buildActionMask = 2147483647;
			files = (
			);
			runOnlyForDeploymentPostprocessing = 0;
		};
/* End PBXResourcesBuildPhase section */

/* Begin PBXSourcesBuildPhase section */
		08DC2D751C755261008FE64A /* Sources */ = {
			isa = PBXSourcesBuildPhase;
			buildActionMask = 2147483647;
			files = (
				08DC2D841C755261008FE64A /* ViewController.m in Sources */,
				08DC2D811C755261008FE64A /* AppDelegate.m in Sources */,
				08DC2D7E1C755261008FE64A /* main.m in Sources */,
			);
			runOnlyForDeploymentPostprocessing = 0;
		};
		08DC2D8E1C755261008FE64A /* Sources */ = {
			isa = PBXSourcesBuildPhase;
			buildActionMask = 2147483647;
			files = (
				08DC2D971C755261008FE64A /* CoordinateCurveDemoTests.m in Sources */,
			);
			runOnlyForDeploymentPostprocessing = 0;
		};
		08DC2D991C755261008FE64A /* Sources */ = {
			isa = PBXSourcesBuildPhase;
			buildActionMask = 2147483647;
			files = (
				08DC2DA21C755261008FE64A /* CoordinateCurveDemoUITests.m in Sources */,
			);
			runOnlyForDeploymentPostprocessing = 0;
		};
/* End PBXSourcesBuildPhase section */

/* Begin PBXTargetDependency section */
		08DC2D941C755261008FE64A /* PBXTargetDependency */ = {
			isa = PBXTargetDependency;
			target = 08DC2D781C755261008FE64A /* CoordinateCurveDemo */;
			targetProxy = 08DC2D931C755261008FE64A /* PBXContainerItemProxy */;
		};
		08DC2D9F1C755261008FE64A /* PBXTargetDependency */ = {
			isa = PBXTargetDependency;
			target = 08DC2D781C755261008FE64A /* CoordinateCurveDemo */;
			targetProxy = 08DC2D9E1C755261008FE64A /* PBXContainerItemProxy */;
		};
/* End PBXTargetDependency section */

/* Begin PBXVariantGroup section */
		08DC2D851C755261008FE64A /* Main.storyboard */ = {
			isa = PBXVariantGroup;
			children = (
				08DC2D861C755261008FE64A /* Base */,
			);
			name = Main.storyboard;
			sourceTree = "<group>";
		};
		08DC2D8A1C755261008FE64A /* LaunchScreen.storyboard */ = {
			isa = PBXVariantGroup;
			children = (
				08DC2D8B1C755261008FE64A /* Base */,
			);
			name = LaunchScreen.storyboard;
			sourceTree = "<group>";
		};
/* End PBXVariantGroup section */

/* Begin XCBuildConfiguration section */
		08DC2DA41C755261008FE64A /* Debug */ = {
			isa = XCBuildConfiguration;
			buildSettings = {
				ALWAYS_SEARCH_USER_PATHS = NO;
				CLANG_CXX_LANGUAGE_STANDARD = "gnu++0x";
				CLANG_CXX_LIBRARY = "libc++";
				CLANG_ENABLE_MODULES = YES;
				CLANG_ENABLE_OBJC_ARC = YES;
				CLANG_WARN_BOOL_CONVERSION = YES;
				CLANG_WARN_CONSTANT_CONVERSION = YES;
				CLANG_WARN_DIRECT_OBJC_ISA_USAGE = YES_ERROR;
				CLANG_WARN_EMPTY_BODY = YES;
				CLANG_WARN_ENUM_CONVERSION = YES;
				CLANG_WARN_INT_CONVERSION = YES;
				CLANG_WARN_OBJC_ROOT_CLASS = YES_ERROR;
				CLANG_WARN_UNREACHABLE_CODE = YES;
				CLANG_WARN__DUPLICATE_METHOD_MATCH = YES;
				"CODE_SIGN_IDENTITY[sdk=iphoneos*]" = "iPhone Developer";
				COPY_PHASE_STRIP = NO;
				DEBUG_INFORMATION_FORMAT = dwarf;
				ENABLE_STRICT_OBJC_MSGSEND = YES;
				ENABLE_TESTABILITY = YES;
				GCC_C_LANGUAGE_STANDARD = gnu99;
				GCC_DYNAMIC_NO_PIC = NO;
				GCC_NO_COMMON_BLOCKS = YES;
				GCC_OPTIMIZATION_LEVEL = 0;
				GCC_PREPROCESSOR_DEFINITIONS = (
					"DEBUG=1",
					"$(inherited)",
				);
				GCC_WARN_64_TO_32_BIT_CONVERSION = YES;
				GCC_WARN_ABOUT_RETURN_TYPE = YES_ERROR;
				GCC_WARN_UNDECLARED_SELECTOR = YES;
				GCC_WARN_UNINITIALIZED_AUTOS = YES_AGGRESSIVE;
				GCC_WARN_UNUSED_FUNCTION = YES;
				GCC_WARN_UNUSED_VARIABLE = YES;
				IPHONEOS_DEPLOYMENT_TARGET = 9.2;
				MTL_ENABLE_DEBUG_INFO = YES;
				ONLY_ACTIVE_ARCH = YES;
				SDKROOT = iphoneos;
			};
			name = Debug;
		};
		08DC2DA51C755261008FE64A /* Release */ = {
			isa = XCBuildConfiguration;
			buildSettings = {
				ALWAYS_SEARCH_USER_PATHS = NO;
				CLANG_CXX_LANGUAGE_STANDARD = "gnu++0x";
				CLANG_CXX_LIBRARY = "libc++";
				CLANG_ENABLE_MODULES = YES;
				CLANG_ENABLE_OBJC_ARC = YES;
				CLANG_WARN_BOOL_CONVERSION = YES;
				CLANG_WARN_CONSTANT_CONVERSION = YES;
				CLANG_WARN_DIRECT_OBJC_ISA_USAGE = YES_ERROR;
				CLANG_WARN_EMPTY_BODY = YES;
				CLANG_WARN_ENUM_CONVERSION = YES;
				CLANG_WARN_INT_CONVERSION = YES;
				CLANG_WARN_OBJC_ROOT_CLASS = YES_ERROR;
				CLANG_WARN_UNREACHABLE_CODE = YES;
				CLANG_WARN__DUPLICATE_METHOD_MATCH = YES;
				"CODE_SIGN_IDENTITY[sdk=iphoneos*]" = "iPhone Developer";
				COPY_PHASE_STRIP = NO;
				DEBUG_INFORMATION_FORMAT = "dwarf-with-dsym";
				ENABLE_NS_ASSERTIONS = NO;
				ENABLE_STRICT_OBJC_MSGSEND = YES;
				GCC_C_LANGUAGE_STANDARD = gnu99;
				GCC_NO_COMMON_BLOCKS = YES;
				GCC_WARN_64_TO_32_BIT_CONVERSION = YES;
				GCC_WARN_ABOUT_RETURN_TYPE = YES_ERROR;
				GCC_WARN_UNDECLARED_SELECTOR = YES;
				GCC_WARN_UNINITIALIZED_AUTOS = YES_AGGRESSIVE;
				GCC_WARN_UNUSED_FUNCTION = YES;
				GCC_WARN_UNUSED_VARIABLE = YES;
				IPHONEOS_DEPLOYMENT_TARGET = 9.2;
				MTL_ENABLE_DEBUG_INFO = NO;
				SDKROOT = iphoneos;
				VALIDATE_PRODUCT = YES;
			};
			name = Release;
		};
		08DC2DA71C755261008FE64A /* Debug */ = {
			isa = XCBuildConfiguration;
			buildSettings = {
				ASSETCATALOG_COMPILER_APPICON_NAME = AppIcon;
				INFOPLIST_FILE = CoordinateCurveDemo/Info.plist;
				LD_RUNPATH_SEARCH_PATHS = "$(inherited) @executable_path/Frameworks";
				PRODUCT_BUNDLE_IDENTIFIER = j.t.d.CoordinateCurveDemo;
				PRODUCT_NAME = "$(TARGET_NAME)";
			};
			name = Debug;
		};
		08DC2DA81C755261008FE64A /* Release */ = {
			isa = XCBuildConfiguration;
			buildSettings = {
				ASSETCATALOG_COMPILER_APPICON_NAME = AppIcon;
				INFOPLIST_FILE = CoordinateCurveDemo/Info.plist;
				LD_RUNPATH_SEARCH_PATHS = "$(inherited) @executable_path/Frameworks";
				PRODUCT_BUNDLE_IDENTIFIER = j.t.d.CoordinateCurveDemo;
				PRODUCT_NAME = "$(TARGET_NAME)";
			};
			name = Release;
		};
		08DC2DAA1C755261008FE64A /* Debug */ = {
			isa = XCBuildConfiguration;
			buildSettings = {
				BUNDLE_LOADER = "$(TEST_HOST)";
				INFOPLIST_FILE = CoordinateCurveDemoTests/Info.plist;
				LD_RUNPATH_SEARCH_PATHS = "$(inherited) @executable_path/Frameworks @loader_path/Frameworks";
				PRODUCT_BUNDLE_IDENTIFIER = j.t.d.CoordinateCurveDemoTests;
				PRODUCT_NAME = "$(TARGET_NAME)";
				TEST_HOST = "$(BUILT_PRODUCTS_DIR)/CoordinateCurveDemo.app/CoordinateCurveDemo";
			};
			name = Debug;
		};
		08DC2DAB1C755261008FE64A /* Release */ = {
			isa = XCBuildConfiguration;
			buildSettings = {
				BUNDLE_LOADER = "$(TEST_HOST)";
				INFOPLIST_FILE = CoordinateCurveDemoTests/Info.plist;
				LD_RUNPATH_SEARCH_PATHS = "$(inherited) @executable_path/Frameworks @loader_path/Frameworks";
				PRODUCT_BUNDLE_IDENTIFIER = j.t.d.CoordinateCurveDemoTests;
				PRODUCT_NAME = "$(TARGET_NAME)";
				TEST_HOST = "$(BUILT_PRODUCTS_DIR)/CoordinateCurveDemo.app/CoordinateCurveDemo";
			};
			name = Release;
		};
		08DC2DAD1C755261008FE64A /* Debug */ = {
			isa = XCBuildConfiguration;
			buildSettings = {
				INFOPLIST_FILE = CoordinateCurveDemoUITests/Info.plist;
				LD_RUNPATH_SEARCH_PATHS = "$(inherited) @executable_path/Frameworks @loader_path/Frameworks";
				PRODUCT_BUNDLE_IDENTIFIER = j.t.d.CoordinateCurveDemoUITests;
				PRODUCT_NAME = "$(TARGET_NAME)";
				TEST_TARGET_NAME = CoordinateCurveDemo;
				USES_XCTRUNNER = YES;
			};
			name = Debug;
		};
		08DC2DAE1C755261008FE64A /* Release */ = {
			isa = XCBuildConfiguration;
			buildSettings = {
				INFOPLIST_FILE = CoordinateCurveDemoUITests/Info.plist;
				LD_RUNPATH_SEARCH_PATHS = "$(inherited) @executable_path/Frameworks @loader_path/Frameworks";
				PRODUCT_BUNDLE_IDENTIFIER = j.t.d.CoordinateCurveDemoUITests;
				PRODUCT_NAME = "$(TARGET_NAME)";
				TEST_TARGET_NAME = CoordinateCurveDemo;
				USES_XCTRUNNER = YES;
			};
			name = Release;
		};
/* End XCBuildConfiguration section */

/* Begin XCConfigurationList section */
		08DC2D741C755261008FE64A /* Build configuration list for PBXProject "CoordinateCurveDemo" */ = {
			isa = XCConfigurationList;
			buildConfigurations = (
				08DC2DA41C755261008FE64A /* Debug */,
				08DC2DA51C755261008FE64A /* Release */,
			);
			defaultConfigurationIsVisible = 0;
			defaultConfigurationName = Release;
		};
		08DC2DA61C755261008FE64A /* Build configuration list for PBXNativeTarget "CoordinateCurveDemo" */ = {
			isa = XCConfigurationList;
			buildConfigurations = (
				08DC2DA71C755261008FE64A /* Debug */,
				08DC2DA81C755261008FE64A /* Release */,
			);
			defaultConfigurationIsVisible = 0;
		};
		08DC2DA91C755261008FE64A /* Build configuration list for PBXNativeTarget "CoordinateCurveDemoTests" */ = {
			isa = XCConfigurationList;
			buildConfigurations = (
				08DC2DAA1C755261008FE64A /* Debug */,
				08DC2DAB1C755261008FE64A /* Release */,
			);
			defaultConfigurationIsVisible = 0;
		};
		08DC2DAC1C755261008FE64A /* Build configuration list for PBXNativeTarget "CoordinateCurveDemoUITests" */ = {
			isa = XCConfigurationList;
			buildConfigurations = (
				08DC2DAD1C755261008FE64A /* Debug */,
				08DC2DAE1C755261008FE64A /* Release */,
			);
			defaultConfigurationIsVisible = 0;
		};
/* End XCConfigurationList section */
	};
	rootObject = 08DC2D711C755261008FE64A /* Project object */;
}
